
Microsoft Visual Studio Solution File, Format Version 12.00
Project("{FAE04EC0-301F-11D3-BF4B-00C04F79EFBC}") = "TestProject", "TestProject\TestProject.csproj", "{06D9E50C-1E3F-4E38-BB92-0A5F13C3C626}"
EndProject
Global
	GlobalSection(SolutionConfigurationPlatforms) = preSolution
		Debug|Any CPU = Debug|Any CPU
		Release|Any CPU = Release|Any CPU
	EndGlobalSection
	GlobalSection(ProjectConfigurationPlatforms) = postSolution
		{06D9E50C-1E3F-4E38-BB92-0A5F13C3C626}.Debug|Any CPU.ActiveCfg = Debug|Any CPU
		{06D9E50C-1E3F-4E38-BB92-0A5F13C3C626}.Debug|Any CPU.Build.0 = Debug|Any CPU
		{06D9E50C-1E3F-4E38-BB92-0A5F13C3C626}.Release|Any CPU.ActiveCfg = Release|Any CPU
		{06D9E50C-1E3F-4E38-BB92-0A5F13C3C626}.Release|Any CPU.Build.0 = Release|Any CPU
	EndGlobalSection
EndGlobal
